
Microsoft Visual Studio Solution File, Format Version 12.00
# Visual Studio Version 16
VisualStudioVersion = 16.0.30717.126
MinimumVisualStudioVersion = 10.0.40219.1
Project("{FAE04EC0-301F-11D3-BF4B-00C04F79EFBC}") = "Eindwerk_Boekhouding", "Opdracht3\Eindwerk_Boekhouding.csproj", "{2BC7B216-83FE-4906-BC89-BC824F5BBA26}"
EndProject
Global
	GlobalSection(SolutionConfigurationPlatforms) = preSolution
		Debug|Any CPU = Debug|Any CPU
		Release|Any CPU = Release|Any CPU
	EndGlobalSection
	GlobalSection(ProjectConfigurationPlatforms) = postSolution
		{2BC7B216-83FE-4906-BC89-BC824F5BBA26}.Debug|Any CPU.ActiveCfg = Debug|Any CPU
		{2BC7B216-83FE-4906-BC89-BC824F5BBA26}.Debug|Any CPU.Build.0 = Debug|Any CPU
		{2BC7B216-83FE-4906-BC89-BC824F5BBA26}.Release|Any CPU.ActiveCfg = Release|Any CPU
		{2BC7B216-83FE-4906-BC89-BC824F5BBA26}.Release|Any CPU.Build.0 = Release|Any CPU
	EndGlobalSection
	GlobalSection(SolutionProperties) = preSolution
		HideSolutionNode = FALSE
	EndGlobalSection
	GlobalSection(ExtensibilityGlobals) = postSolution
		SolutionGuid = {3B7724B0-92BF-43DD-B4D6-126FC21D4B44}
	EndGlobalSection
EndGlobal
